{
    "name": "trsa",
    "version": "0.0.8",
    "lockfileVersion": 1,
    "requires": true,
    "dependencies": {
        "asn1": {
            "version": "0.2.3",
            "resolved": "https://registry.npmjs.org/asn1/-/asn1-0.2.3.tgz",
            "integrity": "sha1-2sh4dxPJlmhJ/IGAd36+nB3fO4Y="
        },
        "node-rsa": {
            "version": "1.0.1",
            "resolved": "https://registry.npmjs.org/node-rsa/-/node-rsa-1.0.1.tgz",
            "integrity": "sha512-8iKs0HgkufO4Qb1iUJChh7Dg8HcSDVD37p3yu1tAhYa+/n2CwG9/d3qE+h6OHAIsfkXHEYYgbf4c7NfoMKayng==",
            "requires": {
                "asn1": "0.2.3"
            }
        }
    }
}
